// !$*UTF8*$!
{
	archiveVersion = 1;
	classes = {
	};
	objectVersion = 52;
	objects = {

/* Begin PBXBuildFile section */
		4587925022D3583B00E4B7B7 /* AnyRandomAccessTree.swift in Sources */ = {isa = PBXBuildFile; fileRef = 4587924F22D3583B00E4B7B7 /* AnyRandomAccessTree.swift */; };
		45DC852722D3F8510073D526 /* TreeIndex.swift in Sources */ = {isa = PBXBuildFile; fileRef = 45DC852522D3F15A0073D526 /* TreeIndex.swift */; };
		45E9A61C22D1D8DD00FE2AA5 /* TreeV3Test.swift in Sources */ = {isa = PBXBuildFile; fileRef = 45E9A61B22D1D8DD00FE2AA5 /* TreeV3Test.swift */; };
		45E9A61E22D1D8DD00FE2AA5 /* libTreeV3.a in Frameworks */ = {isa = PBXBuildFile; fileRef = 450FABA722D1C02D0026CF7A /* libTreeV3.a */; };
		45F7256522D2F5B40056187D /* libTreeV3Core.a in Frameworks */ = {isa = PBXBuildFile; fileRef = 45F7254E22D2F5A10056187D /* libTreeV3Core.a */; };
		45F7256C22D2F5C50056187D /* Tree.swift in Sources */ = {isa = PBXBuildFile; fileRef = 450FABB422D1C0580026CF7A /* Tree.swift */; };
		45F7256E22D2F5C50056187D /* Branch.swift in Sources */ = {isa = PBXBuildFile; fileRef = 450FABB522D1C0580026CF7A /* Branch.swift */; };
		45F7258A22D2F8CA0056187D /* Export.swift in Sources */ = {isa = PBXBuildFile; fileRef = 45F7258922D2F8CA0056187D /* Export.swift */; };
		45F725AE22D2FA0A0056187D /* libTreeV3Util.a in Frameworks */ = {isa = PBXBuildFile; fileRef = 45F7258F22D2F98C0056187D /* libTreeV3Util.a */; };
		45F725AF22D2FA330056187D /* Import.swift in Sources */ = {isa = PBXBuildFile; fileRef = 45F7258522D2F6A40056187D /* Import.swift */; };
		45F725B022D2FA330056187D /* Branch.default.swift in Sources */ = {isa = PBXBuildFile; fileRef = 450FABB322D1C0580026CF7A /* Branch.default.swift */; };
		45F725B122D2FA330056187D /* Branch.dfs.swift in Sources */ = {isa = PBXBuildFile; fileRef = 45E9A62622D1DDBE00FE2AA5 /* Branch.dfs.swift */; };
		45F725B222D2FA330056187D /* Branch.treefication.swift in Sources */ = {isa = PBXBuildFile; fileRef = 45F7254522D2C2B20056187D /* Branch.treefication.swift */; };
		45F725B322D2FA330056187D /* Tree.default.swift in Sources */ = {isa = PBXBuildFile; fileRef = 450FABB922D1C0580026CF7A /* Tree.default.swift */; };
		45F725B422D2FA330056187D /* Tree.dfs.swift in Sources */ = {isa = PBXBuildFile; fileRef = 45F7253322D242360056187D /* Tree.dfs.swift */; };
		45F725B522D2FA330056187D /* Tree.paths.swift in Sources */ = {isa = PBXBuildFile; fileRef = 45E9A62422D1DCA200FE2AA5 /* Tree.paths.swift */; };
		45F725B622D2FA330056187D /* Tree.branches.swift in Sources */ = {isa = PBXBuildFile; fileRef = 45F7253922D2BE140056187D /* Tree.branches.swift */; };
		45F725B722D2FA330056187D /* Tree.map.swift in Sources */ = {isa = PBXBuildFile; fileRef = 45E9A62D22D1FFB600FE2AA5 /* Tree.map.swift */; };
		45F725B822D2FA330056187D /* Tree.filter.swift in Sources */ = {isa = PBXBuildFile; fileRef = 45E9A63122D20F2600FE2AA5 /* Tree.filter.swift */; };
		45F725B922D2FA330056187D /* Tree.sorted.swift in Sources */ = {isa = PBXBuildFile; fileRef = 45E9A63322D21CEF00FE2AA5 /* Tree.sorted.swift */; };
		45F725BA22D2FA330056187D /* Tree.lazy.swift in Sources */ = {isa = PBXBuildFile; fileRef = 45E9A62F22D2068300FE2AA5 /* Tree.lazy.swift */; };
		45F725BB22D2FA330056187D /* Tree.convert.swift in Sources */ = {isa = PBXBuildFile; fileRef = 45F7252D22D22C9A0056187D /* Tree.convert.swift */; };
		45F725BC22D2FA330056187D /* BranchPath.swift in Sources */ = {isa = PBXBuildFile; fileRef = 45E9A62822D1E3BD00FE2AA5 /* BranchPath.swift */; };
		45F725BD22D2FA330056187D /* BranchTree.swift in Sources */ = {isa = PBXBuildFile; fileRef = 450FABB722D1C0580026CF7A /* BranchTree.swift */; };
		45F725BE22D2FA330056187D /* BranchTree.default.swift in Sources */ = {isa = PBXBuildFile; fileRef = 450FABB822D1C0580026CF7A /* BranchTree.default.swift */; };
		45F725BF22D2FA330056187D /* BranchTreeSlice.swift in Sources */ = {isa = PBXBuildFile; fileRef = 45E9A61322D1CB8E00FE2AA5 /* BranchTreeSlice.swift */; };
		45F725C022D2FA330056187D /* ArrayBranchTree.swift in Sources */ = {isa = PBXBuildFile; fileRef = 450FABB622D1C0580026CF7A /* ArrayBranchTree.swift */; };
		45F725C122D2FA330056187D /* ArrayBranch.swift in Sources */ = {isa = PBXBuildFile; fileRef = 45F7253122D2407F0056187D /* ArrayBranch.swift */; };
		45F725C222D2FA330056187D /* AnyTree.swift in Sources */ = {isa = PBXBuildFile; fileRef = 45F7252F22D22FBF0056187D /* AnyTree.swift */; };
		45F725E722D323E80056187D /* TreeV3UtilTest.swift in Sources */ = {isa = PBXBuildFile; fileRef = 45F725E622D323E80056187D /* TreeV3UtilTest.swift */; };
		45F725F322D323FC0056187D /* libTreeV3Core.a in Frameworks */ = {isa = PBXBuildFile; fileRef = 45F7254E22D2F5A10056187D /* libTreeV3Core.a */; };
		45F725F422D323FC0056187D /* libTreeV3Util.a in Frameworks */ = {isa = PBXBuildFile; fileRef = 45F7258F22D2F98C0056187D /* libTreeV3Util.a */; };
		45F725FD22D328680056187D /* BTree in Frameworks */ = {isa = PBXBuildFile; productRef = 45F725FC22D328680056187D /* BTree */; };
		45F7262B22D3295E0056187D /* PDTreeV3Test.swift in Sources */ = {isa = PBXBuildFile; fileRef = 45F7262A22D3295E0056187D /* PDTreeV3Test.swift */; };
		45F7262D22D3295E0056187D /* libTreeV3.a in Frameworks */ = {isa = PBXBuildFile; fileRef = 450FABA722D1C02D0026CF7A /* libTreeV3.a */; };
		45F7263822D329870056187D /* BTree in Frameworks */ = {isa = PBXBuildFile; productRef = 45F7263722D329870056187D /* BTree */; };
		45F7263922D329870056187D /* libPDTreeV3.a in Frameworks */ = {isa = PBXBuildFile; fileRef = 45F7261522D329240056187D /* libPDTreeV3.a */; };
		45F7263B22D329A10056187D /* PDListBranchTree.swift in Sources */ = {isa = PBXBuildFile; fileRef = 45F7263A22D329A10056187D /* PDListBranchTree.swift */; };
		45F7263D22D329CC0056187D /* PDListBranch.swift in Sources */ = {isa = PBXBuildFile; fileRef = 45F7263C22D329CC0056187D /* PDListBranch.swift */; };
		45F7263F22D32AB00056187D /* PDList.swift in Sources */ = {isa = PBXBuildFile; fileRef = 45F7263E22D32AB00056187D /* PDList.swift */; };
/* End PBXBuildFile section */

/* Begin PBXContainerItemProxy section */
		45E9A61F22D1D8DD00FE2AA5 /* PBXContainerItemProxy */ = {
			isa = PBXContainerItemProxy;
			containerPortal = 450FAB9F22D1C02D0026CF7A /* Project object */;
			proxyType = 1;
			remoteGlobalIDString = 450FABA622D1C02D0026CF7A;
			remoteInfo = TreeV3;
		};
		45F7256722D2F5B90056187D /* PBXContainerItemProxy */ = {
			isa = PBXContainerItemProxy;
			containerPortal = 450FAB9F22D1C02D0026CF7A /* Project object */;
			proxyType = 1;
			remoteGlobalIDString = 45F7254D22D2F5A10056187D;
			remoteInfo = TreeV3Core;
		};
		45F725AC22D2FA070056187D /* PBXContainerItemProxy */ = {
			isa = PBXContainerItemProxy;
			containerPortal = 450FAB9F22D1C02D0026CF7A /* Project object */;
			proxyType = 1;
			remoteGlobalIDString = 45F7258E22D2F98C0056187D;
			remoteInfo = TreeV3Util;
		};
		45F725C322D2FA530056187D /* PBXContainerItemProxy */ = {
			isa = PBXContainerItemProxy;
			containerPortal = 450FAB9F22D1C02D0026CF7A /* Project object */;
			proxyType = 1;
			remoteGlobalIDString = 45F7254D22D2F5A10056187D;
			remoteInfo = TreeV3Core;
		};
		45F725DC22D31EB00056187D /* PBXContainerItemProxy */ = {
			isa = PBXContainerItemProxy;
			containerPortal = 450FAB9F22D1C02D0026CF7A /* Project object */;
			proxyType = 1;
			remoteGlobalIDString = 45F7254D22D2F5A10056187D;
			remoteInfo = TreeV3Core;
		};
		45F725DE22D31EB00056187D /* PBXContainerItemProxy */ = {
			isa = PBXContainerItemProxy;
			containerPortal = 450FAB9F22D1C02D0026CF7A /* Project object */;
			proxyType = 1;
			remoteGlobalIDString = 45F7258E22D2F98C0056187D;
			remoteInfo = TreeV3Util;
		};
		45F725EF22D323F00056187D /* PBXContainerItemProxy */ = {
			isa = PBXContainerItemProxy;
			containerPortal = 450FAB9F22D1C02D0026CF7A /* Project object */;
			proxyType = 1;
			remoteGlobalIDString = 45F7254D22D2F5A10056187D;
			remoteInfo = TreeV3Core;
		};
		45F725F122D323F00056187D /* PBXContainerItemProxy */ = {
			isa = PBXContainerItemProxy;
			containerPortal = 450FAB9F22D1C02D0026CF7A /* Project object */;
			proxyType = 1;
			remoteGlobalIDString = 45F7258E22D2F98C0056187D;
			remoteInfo = TreeV3Util;
		};
		45F7261E22D3292B0056187D /* PBXContainerItemProxy */ = {
			isa = PBXContainerItemProxy;
			containerPortal = 450FAB9F22D1C02D0026CF7A /* Project object */;
			proxyType = 1;
			remoteGlobalIDString = 45F7254D22D2F5A10056187D;
			remoteInfo = TreeV3Core;
		};
		45F7262022D3292B0056187D /* PBXContainerItemProxy */ = {
			isa = PBXContainerItemProxy;
			containerPortal = 450FAB9F22D1C02D0026CF7A /* Project object */;
			proxyType = 1;
			remoteGlobalIDString = 45F7258E22D2F98C0056187D;
			remoteInfo = TreeV3Util;
		};
		45F7262E22D3295E0056187D /* PBXContainerItemProxy */ = {
			isa = PBXContainerItemProxy;
			containerPortal = 450FAB9F22D1C02D0026CF7A /* Project object */;
			proxyType = 1;
			remoteGlobalIDString = 450FABA622D1C02D0026CF7A;
			remoteInfo = TreeV3;
		};
		45F7263322D329820056187D /* PBXContainerItemProxy */ = {
			isa = PBXContainerItemProxy;
			containerPortal = 450FAB9F22D1C02D0026CF7A /* Project object */;
			proxyType = 1;
			remoteGlobalIDString = 45F7261422D329240056187D;
			remoteInfo = PDTreeV3;
		};
/* End PBXContainerItemProxy section */

/* Begin PBXFileReference section */
		450FABA722D1C02D0026CF7A /* libTreeV3.a */ = {isa = PBXFileReference; explicitFileType = archive.ar; includeInIndex = 0; path = libTreeV3.a; sourceTree = BUILT_PRODUCTS_DIR; };
		450FABB322D1C0580026CF7A /* Branch.default.swift */ = {isa = PBXFileReference; fileEncoding = 4; lastKnownFileType = sourcecode.swift; path = Branch.default.swift; sourceTree = "<group>"; };
		450FABB422D1C0580026CF7A /* Tree.swift */ = {isa = PBXFileReference; fileEncoding = 4; lastKnownFileType = sourcecode.swift; path = Tree.swift; sourceTree = "<group>"; };
		450FABB522D1C0580026CF7A /* Branch.swift */ = {isa = PBXFileReference; fileEncoding = 4; lastKnownFileType = sourcecode.swift; path = Branch.swift; sourceTree = "<group>"; };
		450FABB622D1C0580026CF7A /* ArrayBranchTree.swift */ = {isa = PBXFileReference; fileEncoding = 4; lastKnownFileType = sourcecode.swift; path = ArrayBranchTree.swift; sourceTree = "<group>"; };
		450FABB722D1C0580026CF7A /* BranchTree.swift */ = {isa = PBXFileReference; fileEncoding = 4; lastKnownFileType = sourcecode.swift; path = BranchTree.swift; sourceTree = "<group>"; };
		450FABB822D1C0580026CF7A /* BranchTree.default.swift */ = {isa = PBXFileReference; fileEncoding = 4; lastKnownFileType = sourcecode.swift; path = BranchTree.default.swift; sourceTree = "<group>"; };
		450FABB922D1C0580026CF7A /* Tree.default.swift */ = {isa = PBXFileReference; fileEncoding = 4; lastKnownFileType = sourcecode.swift; path = Tree.default.swift; sourceTree = "<group>"; };
		4587924F22D3583B00E4B7B7 /* AnyRandomAccessTree.swift */ = {isa = PBXFileReference; lastKnownFileType = sourcecode.swift; path = AnyRandomAccessTree.swift; sourceTree = "<group>"; };
		45DC852522D3F15A0073D526 /* TreeIndex.swift */ = {isa = PBXFileReference; lastKnownFileType = sourcecode.swift; path = TreeIndex.swift; sourceTree = "<group>"; };
		45E9A61322D1CB8E00FE2AA5 /* BranchTreeSlice.swift */ = {isa = PBXFileReference; lastKnownFileType = sourcecode.swift; path = BranchTreeSlice.swift; sourceTree = "<group>"; };
		45E9A61922D1D8DD00FE2AA5 /* TreeV3Test.xctest */ = {isa = PBXFileReference; explicitFileType = wrapper.cfbundle; includeInIndex = 0; path = TreeV3Test.xctest; sourceTree = BUILT_PRODUCTS_DIR; };
		45E9A61B22D1D8DD00FE2AA5 /* TreeV3Test.swift */ = {isa = PBXFileReference; lastKnownFileType = sourcecode.swift; path = TreeV3Test.swift; sourceTree = "<group>"; };
		45E9A61D22D1D8DD00FE2AA5 /* Info.plist */ = {isa = PBXFileReference; lastKnownFileType = text.plist.xml; path = Info.plist; sourceTree = "<group>"; };
		45E9A62422D1DCA200FE2AA5 /* Tree.paths.swift */ = {isa = PBXFileReference; lastKnownFileType = sourcecode.swift; path = Tree.paths.swift; sourceTree = "<group>"; };
		45E9A62622D1DDBE00FE2AA5 /* Branch.dfs.swift */ = {isa = PBXFileReference; lastKnownFileType = sourcecode.swift; path = Branch.dfs.swift; sourceTree = "<group>"; };
		45E9A62822D1E3BD00FE2AA5 /* BranchPath.swift */ = {isa = PBXFileReference; lastKnownFileType = sourcecode.swift; path = BranchPath.swift; sourceTree = "<group>"; };
		45E9A62C22D1FD1800FE2AA5 /* Package.swift */ = {isa = PBXFileReference; lastKnownFileType = sourcecode.swift; path = Package.swift; sourceTree = "<group>"; };
		45E9A62D22D1FFB600FE2AA5 /* Tree.map.swift */ = {isa = PBXFileReference; lastKnownFileType = sourcecode.swift; path = Tree.map.swift; sourceTree = "<group>"; };
		45E9A62F22D2068300FE2AA5 /* Tree.lazy.swift */ = {isa = PBXFileReference; lastKnownFileType = sourcecode.swift; path = Tree.lazy.swift; sourceTree = "<group>"; };
		45E9A63122D20F2600FE2AA5 /* Tree.filter.swift */ = {isa = PBXFileReference; lastKnownFileType = sourcecode.swift; path = Tree.filter.swift; sourceTree = "<group>"; };
		45E9A63322D21CEF00FE2AA5 /* Tree.sorted.swift */ = {isa = PBXFileReference; lastKnownFileType = sourcecode.swift; path = Tree.sorted.swift; sourceTree = "<group>"; };
		45F7252D22D22C9A0056187D /* Tree.convert.swift */ = {isa = PBXFileReference; lastKnownFileType = sourcecode.swift; path = Tree.convert.swift; sourceTree = "<group>"; };
		45F7252F22D22FBF0056187D /* AnyTree.swift */ = {isa = PBXFileReference; lastKnownFileType = sourcecode.swift; path = AnyTree.swift; sourceTree = "<group>"; };
		45F7253122D2407F0056187D /* ArrayBranch.swift */ = {isa = PBXFileReference; lastKnownFileType = sourcecode.swift; path = ArrayBranch.swift; sourceTree = "<group>"; };
		45F7253322D242360056187D /* Tree.dfs.swift */ = {isa = PBXFileReference; lastKnownFileType = sourcecode.swift; path = Tree.dfs.swift; sourceTree = "<group>"; };
		45F7253922D2BE140056187D /* Tree.branches.swift */ = {isa = PBXFileReference; lastKnownFileType = sourcecode.swift; path = Tree.branches.swift; sourceTree = "<group>"; };
		45F7254522D2C2B20056187D /* Branch.treefication.swift */ = {isa = PBXFileReference; lastKnownFileType = sourcecode.swift; path = Branch.treefication.swift; sourceTree = "<group>"; };
		45F7254E22D2F5A10056187D /* libTreeV3Core.a */ = {isa = PBXFileReference; explicitFileType = archive.ar; includeInIndex = 0; path = libTreeV3Core.a; sourceTree = BUILT_PRODUCTS_DIR; };
		45F7258522D2F6A40056187D /* Import.swift */ = {isa = PBXFileReference; lastKnownFileType = sourcecode.swift; path = Import.swift; sourceTree = "<group>"; };
		45F7258922D2F8CA0056187D /* Export.swift */ = {isa = PBXFileReference; lastKnownFileType = sourcecode.swift; path = Export.swift; sourceTree = "<group>"; };
		45F7258F22D2F98C0056187D /* libTreeV3Util.a */ = {isa = PBXFileReference; explicitFileType = archive.ar; includeInIndex = 0; path = libTreeV3Util.a; sourceTree = BUILT_PRODUCTS_DIR; };
		45F725C522D2FBAA0056187D /* README.md */ = {isa = PBXFileReference; lastKnownFileType = net.daringfireball.markdown; path = README.md; sourceTree = "<group>"; };
		45F725E422D323E80056187D /* TreeV3UtilTest.xctest */ = {isa = PBXFileReference; explicitFileType = wrapper.cfbundle; includeInIndex = 0; path = TreeV3UtilTest.xctest; sourceTree = BUILT_PRODUCTS_DIR; };
		45F725E622D323E80056187D /* TreeV3UtilTest.swift */ = {isa = PBXFileReference; lastKnownFileType = sourcecode.swift; path = TreeV3UtilTest.swift; sourceTree = "<group>"; };
		45F725E822D323E80056187D /* Info.plist */ = {isa = PBXFileReference; lastKnownFileType = text.plist.xml; path = Info.plist; sourceTree = "<group>"; };
		45F725F522D325DA0056187D /* LICENSE.md */ = {isa = PBXFileReference; lastKnownFileType = net.daringfireball.markdown; path = LICENSE.md; sourceTree = "<group>"; };
		45F7261522D329240056187D /* libPDTreeV3.a */ = {isa = PBXFileReference; explicitFileType = archive.ar; includeInIndex = 0; path = libPDTreeV3.a; sourceTree = BUILT_PRODUCTS_DIR; };
		45F7262822D3295E0056187D /* PDTreeV3Test.xctest */ = {isa = PBXFileReference; explicitFileType = wrapper.cfbundle; includeInIndex = 0; path = PDTreeV3Test.xctest; sourceTree = BUILT_PRODUCTS_DIR; };
		45F7262A22D3295E0056187D /* PDTreeV3Test.swift */ = {isa = PBXFileReference; lastKnownFileType = sourcecode.swift; path = PDTreeV3Test.swift; sourceTree = "<group>"; };
		45F7262C22D3295E0056187D /* Info.plist */ = {isa = PBXFileReference; lastKnownFileType = text.plist.xml; path = Info.plist; sourceTree = "<group>"; };
		45F7263A22D329A10056187D /* PDListBranchTree.swift */ = {isa = PBXFileReference; lastKnownFileType = sourcecode.swift; path = PDListBranchTree.swift; sourceTree = "<group>"; };
		45F7263C22D329CC0056187D /* PDListBranch.swift */ = {isa = PBXFileReference; lastKnownFileType = sourcecode.swift; path = PDListBranch.swift; sourceTree = "<group>"; };
		45F7263E22D32AB00056187D /* PDList.swift */ = {isa = PBXFileReference; lastKnownFileType = sourcecode.swift; path = PDList.swift; sourceTree = "<group>"; };
/* End PBXFileReference section */

/* Begin PBXFrameworksBuildPhase section */
		450FABA522D1C02D0026CF7A /* Frameworks */ = {
			isa = PBXFrameworksBuildPhase;
			buildActionMask = 2147483647;
			files = (
				45F725FD22D328680056187D /* BTree in Frameworks */,
				45F725AE22D2FA0A0056187D /* libTreeV3Util.a in Frameworks */,
				45F7256522D2F5B40056187D /* libTreeV3Core.a in Frameworks */,
			);
			runOnlyForDeploymentPostprocessing = 0;
		};
		45E9A61622D1D8DD00FE2AA5 /* Frameworks */ = {
			isa = PBXFrameworksBuildPhase;
			buildActionMask = 2147483647;
			files = (
				45E9A61E22D1D8DD00FE2AA5 /* libTreeV3.a in Frameworks */,
			);
			runOnlyForDeploymentPostprocessing = 0;
		};
		45F7254C22D2F5A10056187D /* Frameworks */ = {
			isa = PBXFrameworksBuildPhase;
			buildActionMask = 2147483647;
			files = (
			);
			runOnlyForDeploymentPostprocessing = 0;
		};
		45F7258D22D2F98C0056187D /* Frameworks */ = {
			isa = PBXFrameworksBuildPhase;
			buildActionMask = 2147483647;
			files = (
			);
			runOnlyForDeploymentPostprocessing = 0;
		};
		45F725E122D323E80056187D /* Frameworks */ = {
			isa = PBXFrameworksBuildPhase;
			buildActionMask = 2147483647;
			files = (
				45F725F322D323FC0056187D /* libTreeV3Core.a in Frameworks */,
				45F725F422D323FC0056187D /* libTreeV3Util.a in Frameworks */,
			);
			runOnlyForDeploymentPostprocessing = 0;
		};
		45F7261322D329240056187D /* Frameworks */ = {
			isa = PBXFrameworksBuildPhase;
			buildActionMask = 2147483647;
			files = (
			);
			runOnlyForDeploymentPostprocessing = 0;
		};
		45F7262522D3295E0056187D /* Frameworks */ = {
			isa = PBXFrameworksBuildPhase;
			buildActionMask = 2147483647;
			files = (
				45F7263922D329870056187D /* libPDTreeV3.a in Frameworks */,
				45F7262D22D3295E0056187D /* libTreeV3.a in Frameworks */,
				45F7263822D329870056187D /* BTree in Frameworks */,
			);
			runOnlyForDeploymentPostprocessing = 0;
		};
/* End PBXFrameworksBuildPhase section */

/* Begin PBXGroup section */
		450FAB9E22D1C02D0026CF7A = {
			isa = PBXGroup;
			children = (
				45E9A62C22D1FD1800FE2AA5 /* Package.swift */,
				45F725C522D2FBAA0056187D /* README.md */,
				45F725F522D325DA0056187D /* LICENSE.md */,
				45F7258022D2F5F90056187D /* TreeV3 */,
				45E9A61A22D1D8DD00FE2AA5 /* TreeV3Test */,
				45F7254F22D2F5A10056187D /* TreeV3Core */,
				45F7259022D2F98C0056187D /* TreeV3Util */,
				45F725E522D323E80056187D /* TreeV3UtilTest */,
				45F7261622D329240056187D /* PDTreeV3 */,
				45F7262922D3295E0056187D /* PDTreeV3Test */,
				450FABA822D1C02D0026CF7A /* Products */,
				45F7256422D2F5B40056187D /* Frameworks */,
			);
			sourceTree = "<group>";
		};
		450FABA822D1C02D0026CF7A /* Products */ = {
			isa = PBXGroup;
			children = (
				450FABA722D1C02D0026CF7A /* libTreeV3.a */,
				45E9A61922D1D8DD00FE2AA5 /* TreeV3Test.xctest */,
				45F7254E22D2F5A10056187D /* libTreeV3Core.a */,
				45F7258F22D2F98C0056187D /* libTreeV3Util.a */,
				45F725E422D323E80056187D /* TreeV3UtilTest.xctest */,
				45F7261522D329240056187D /* libPDTreeV3.a */,
				45F7262822D3295E0056187D /* PDTreeV3Test.xctest */,
			);
			name = Products;
			sourceTree = "<group>";
		};
		45E9A61A22D1D8DD00FE2AA5 /* TreeV3Test */ = {
			isa = PBXGroup;
			children = (
				45E9A61B22D1D8DD00FE2AA5 /* TreeV3Test.swift */,
				45E9A61D22D1D8DD00FE2AA5 /* Info.plist */,
			);
			path = TreeV3Test;
			sourceTree = "<group>";
		};
		45F7254F22D2F5A10056187D /* TreeV3Core */ = {
			isa = PBXGroup;
			children = (
				450FABB522D1C0580026CF7A /* Branch.swift */,
				450FABB422D1C0580026CF7A /* Tree.swift */,
				45DC852522D3F15A0073D526 /* TreeIndex.swift */,
			);
			path = TreeV3Core;
			sourceTree = "<group>";
		};
		45F7256422D2F5B40056187D /* Frameworks */ = {
			isa = PBXGroup;
			children = (
			);
			name = Frameworks;
			sourceTree = "<group>";
		};
		45F7258022D2F5F90056187D /* TreeV3 */ = {
			isa = PBXGroup;
			children = (
				45F7258922D2F8CA0056187D /* Export.swift */,
			);
			path = TreeV3;
			sourceTree = "<group>";
		};
		45F7259022D2F98C0056187D /* TreeV3Util */ = {
			isa = PBXGroup;
			children = (
				45F7258522D2F6A40056187D /* Import.swift */,
				450FABB322D1C0580026CF7A /* Branch.default.swift */,
				45E9A62622D1DDBE00FE2AA5 /* Branch.dfs.swift */,
				45F7254522D2C2B20056187D /* Branch.treefication.swift */,
				450FABB922D1C0580026CF7A /* Tree.default.swift */,
				45F7253322D242360056187D /* Tree.dfs.swift */,
				45E9A62422D1DCA200FE2AA5 /* Tree.paths.swift */,
				45F7253922D2BE140056187D /* Tree.branches.swift */,
				45E9A62D22D1FFB600FE2AA5 /* Tree.map.swift */,
				45E9A63122D20F2600FE2AA5 /* Tree.filter.swift */,
				45E9A63322D21CEF00FE2AA5 /* Tree.sorted.swift */,
				45E9A62F22D2068300FE2AA5 /* Tree.lazy.swift */,
				45F7252D22D22C9A0056187D /* Tree.convert.swift */,
				45E9A62822D1E3BD00FE2AA5 /* BranchPath.swift */,
				450FABB722D1C0580026CF7A /* BranchTree.swift */,
				450FABB822D1C0580026CF7A /* BranchTree.default.swift */,
				45E9A61322D1CB8E00FE2AA5 /* BranchTreeSlice.swift */,
				450FABB622D1C0580026CF7A /* ArrayBranchTree.swift */,
				45F7253122D2407F0056187D /* ArrayBranch.swift */,
				45F7252F22D22FBF0056187D /* AnyTree.swift */,
				4587924F22D3583B00E4B7B7 /* AnyRandomAccessTree.swift */,
			);
			path = TreeV3Util;
			sourceTree = "<group>";
		};
		45F725E522D323E80056187D /* TreeV3UtilTest */ = {
			isa = PBXGroup;
			children = (
				45F725E622D323E80056187D /* TreeV3UtilTest.swift */,
				45F725E822D323E80056187D /* Info.plist */,
			);
			path = TreeV3UtilTest;
			sourceTree = "<group>";
		};
		45F7261622D329240056187D /* PDTreeV3 */ = {
			isa = PBXGroup;
			children = (
				45F7263A22D329A10056187D /* PDListBranchTree.swift */,
				45F7263C22D329CC0056187D /* PDListBranch.swift */,
				45F7263E22D32AB00056187D /* PDList.swift */,
			);
			path = PDTreeV3;
			sourceTree = "<group>";
		};
		45F7262922D3295E0056187D /* PDTreeV3Test */ = {
			isa = PBXGroup;
			children = (
				45F7262A22D3295E0056187D /* PDTreeV3Test.swift */,
				45F7262C22D3295E0056187D /* Info.plist */,
			);
			path = PDTreeV3Test;
			sourceTree = "<group>";
		};
/* End PBXGroup section */

/* Begin PBXHeadersBuildPhase section */
		450FABA322D1C02D0026CF7A /* Headers */ = {
			isa = PBXHeadersBuildPhase;
			buildActionMask = 2147483647;
			files = (
			);
			runOnlyForDeploymentPostprocessing = 0;
		};
		45F7254A22D2F5A10056187D /* Headers */ = {
			isa = PBXHeadersBuildPhase;
			buildActionMask = 2147483647;
			files = (
			);
			runOnlyForDeploymentPostprocessing = 0;
		};
		45F7258B22D2F98C0056187D /* Headers */ = {
			isa = PBXHeadersBuildPhase;
			buildActionMask = 2147483647;
			files = (
			);
			runOnlyForDeploymentPostprocessing = 0;
		};
		45F7261122D329240056187D /* Headers */ = {
			isa = PBXHeadersBuildPhase;
			buildActionMask = 2147483647;
			files = (
			);
			runOnlyForDeploymentPostprocessing = 0;
		};
/* End PBXHeadersBuildPhase section */

/* Begin PBXNativeTarget section */
		450FABA622D1C02D0026CF7A /* TreeV3 */ = {
			isa = PBXNativeTarget;
			buildConfigurationList = 450FABB022D1C02D0026CF7A /* Build configuration list for PBXNativeTarget "TreeV3" */;
			buildPhases = (
				450FABA322D1C02D0026CF7A /* Headers */,
				450FABA422D1C02D0026CF7A /* Sources */,
				450FABA522D1C02D0026CF7A /* Frameworks */,
			);
			buildRules = (
			);
			dependencies = (
				45F725AD22D2FA070056187D /* PBXTargetDependency */,
				45F7256822D2F5B90056187D /* PBXTargetDependency */,
			);
			name = TreeV3;
			packageProductDependencies = (
				45F725FC22D328680056187D /* BTree */,
			);
			productName = TreeV3;
			productReference = 450FABA722D1C02D0026CF7A /* libTreeV3.a */;
			productType = "com.apple.product-type.library.static";
		};
		45E9A61822D1D8DD00FE2AA5 /* TreeV3Test */ = {
			isa = PBXNativeTarget;
			buildConfigurationList = 45E9A62122D1D8DD00FE2AA5 /* Build configuration list for PBXNativeTarget "TreeV3Test" */;
			buildPhases = (
				45E9A61522D1D8DD00FE2AA5 /* Sources */,
				45E9A61622D1D8DD00FE2AA5 /* Frameworks */,
				45E9A61722D1D8DD00FE2AA5 /* Resources */,
			);
			buildRules = (
			);
			dependencies = (
				45F725DD22D31EB00056187D /* PBXTargetDependency */,
				45F725DF22D31EB00056187D /* PBXTargetDependency */,
				45E9A62022D1D8DD00FE2AA5 /* PBXTargetDependency */,
			);
			name = TreeV3Test;
			productName = TreeV3Test;
			productReference = 45E9A61922D1D8DD00FE2AA5 /* TreeV3Test.xctest */;
			productType = "com.apple.product-type.bundle.unit-test";
		};
		45F7254D22D2F5A10056187D /* TreeV3Core */ = {
			isa = PBXNativeTarget;
			buildConfigurationList = 45F7255422D2F5A10056187D /* Build configuration list for PBXNativeTarget "TreeV3Core" */;
			buildPhases = (
				45F7254A22D2F5A10056187D /* Headers */,
				45F7254B22D2F5A10056187D /* Sources */,
				45F7254C22D2F5A10056187D /* Frameworks */,
			);
			buildRules = (
			);
			dependencies = (
			);
			name = TreeV3Core;
			productName = TreeV3Core;
			productReference = 45F7254E22D2F5A10056187D /* libTreeV3Core.a */;
			productType = "com.apple.product-type.library.static";
		};
		45F7258E22D2F98C0056187D /* TreeV3Util */ = {
			isa = PBXNativeTarget;
			buildConfigurationList = 45F7259522D2F98C0056187D /* Build configuration list for PBXNativeTarget "TreeV3Util" */;
			buildPhases = (
				45F7258B22D2F98C0056187D /* Headers */,
				45F7258C22D2F98C0056187D /* Sources */,
				45F7258D22D2F98C0056187D /* Frameworks */,
			);
			buildRules = (
			);
			dependencies = (
				45F725C422D2FA530056187D /* PBXTargetDependency */,
			);
			name = TreeV3Util;
			productName = TreeV3Util;
			productReference = 45F7258F22D2F98C0056187D /* libTreeV3Util.a */;
			productType = "com.apple.product-type.library.static";
		};
		45F725E322D323E80056187D /* TreeV3UtilTest */ = {
			isa = PBXNativeTarget;
			buildConfigurationList = 45F725EE22D323E80056187D /* Build configuration list for PBXNativeTarget "TreeV3UtilTest" */;
			buildPhases = (
				45F725E022D323E80056187D /* Sources */,
				45F725E122D323E80056187D /* Frameworks */,
				45F725E222D323E80056187D /* Resources */,
			);
			buildRules = (
			);
			dependencies = (
				45F725F022D323F00056187D /* PBXTargetDependency */,
				45F725F222D323F00056187D /* PBXTargetDependency */,
			);
			name = TreeV3UtilTest;
			productName = TreeV3UtilTest;
			productReference = 45F725E422D323E80056187D /* TreeV3UtilTest.xctest */;
			productType = "com.apple.product-type.bundle.unit-test";
		};
		45F7261422D329240056187D /* PDTreeV3 */ = {
			isa = PBXNativeTarget;
			buildConfigurationList = 45F7261B22D329240056187D /* Build configuration list for PBXNativeTarget "PDTreeV3" */;
			buildPhases = (
				45F7261122D329240056187D /* Headers */,
				45F7261222D329240056187D /* Sources */,
				45F7261322D329240056187D /* Frameworks */,
			);
			buildRules = (
			);
			dependencies = (
				45F7261F22D3292B0056187D /* PBXTargetDependency */,
				45F7262122D3292B0056187D /* PBXTargetDependency */,
				45F7262322D3292B0056187D /* PBXTargetDependency */,
			);
			name = PDTreeV3;
			productName = PDTreeV3;
			productReference = 45F7261522D329240056187D /* libPDTreeV3.a */;
			productType = "com.apple.product-type.library.static";
		};
		45F7262722D3295E0056187D /* PDTreeV3Test */ = {
			isa = PBXNativeTarget;
			buildConfigurationList = 45F7263022D3295E0056187D /* Build configuration list for PBXNativeTarget "PDTreeV3Test" */;
			buildPhases = (
				45F7262422D3295E0056187D /* Sources */,
				45F7262522D3295E0056187D /* Frameworks */,
				45F7262622D3295E0056187D /* Resources */,
			);
			buildRules = (
			);
			dependencies = (
				45F7263422D329820056187D /* PBXTargetDependency */,
				45F7263622D329820056187D /* PBXTargetDependency */,
				45F7262F22D3295E0056187D /* PBXTargetDependency */,
			);
			name = PDTreeV3Test;
			packageProductDependencies = (
				45F7263722D329870056187D /* BTree */,
			);
			productName = PDTreeV3Test;
			productReference = 45F7262822D3295E0056187D /* PDTreeV3Test.xctest */;
			productType = "com.apple.product-type.bundle.unit-test";
		};
/* End PBXNativeTarget section */

/* Begin PBXProject section */
		450FAB9F22D1C02D0026CF7A /* Project object */ = {
			isa = PBXProject;
			attributes = {
				LastSwiftUpdateCheck = 1100;
				LastUpgradeCheck = 1100;
				ORGANIZATIONNAME = Eonil;
				TargetAttributes = {
					450FABA622D1C02D0026CF7A = {
						CreatedOnToolsVersion = 11.0;
						LastSwiftMigration = 1100;
					};
					45E9A61822D1D8DD00FE2AA5 = {
						CreatedOnToolsVersion = 11.0;
					};
					45F7254D22D2F5A10056187D = {
						CreatedOnToolsVersion = 11.0;
					};
					45F7258E22D2F98C0056187D = {
						CreatedOnToolsVersion = 11.0;
					};
					45F725E322D323E80056187D = {
						CreatedOnToolsVersion = 11.0;
					};
					45F7261422D329240056187D = {
						CreatedOnToolsVersion = 11.0;
						LastSwiftMigration = 1100;
					};
					45F7262722D3295E0056187D = {
						CreatedOnToolsVersion = 11.0;
					};
				};
			};
			buildConfigurationList = 450FABA222D1C02D0026CF7A /* Build configuration list for PBXProject "TreeV3" */;
			compatibilityVersion = "Xcode 9.3";
			developmentRegion = en;
			hasScannedForEncodings = 0;
			knownRegions = (
				en,
				Base,
			);
			mainGroup = 450FAB9E22D1C02D0026CF7A;
			packageReferences = (
				45F725FB22D328680056187D /* XCRemoteSwiftPackageReference "BTree" */,
			);
			productRefGroup = 450FABA822D1C02D0026CF7A /* Products */;
			projectDirPath = "";
			projectRoot = "";
			targets = (
				450FABA622D1C02D0026CF7A /* TreeV3 */,
				45E9A61822D1D8DD00FE2AA5 /* TreeV3Test */,
				45F7254D22D2F5A10056187D /* TreeV3Core */,
				45F7258E22D2F98C0056187D /* TreeV3Util */,
				45F725E322D323E80056187D /* TreeV3UtilTest */,
				45F7261422D329240056187D /* PDTreeV3 */,
				45F7262722D3295E0056187D /* PDTreeV3Test */,
			);
		};
/* End PBXProject section */

/* Begin PBXResourcesBuildPhase section */
		45E9A61722D1D8DD00FE2AA5 /* Resources */ = {
			isa = PBXResourcesBuildPhase;
			buildActionMask = 2147483647;
			files = (
			);
			runOnlyForDeploymentPostprocessing = 0;
		};
		45F725E222D323E80056187D /* Resources */ = {
			isa = PBXResourcesBuildPhase;
			buildActionMask = 2147483647;
			files = (
			);
			runOnlyForDeploymentPostprocessing = 0;
		};
		45F7262622D3295E0056187D /* Resources */ = {
			isa = PBXResourcesBuildPhase;
			buildActionMask = 2147483647;
			files = (
			);
			runOnlyForDeploymentPostprocessing = 0;
		};
/* End PBXResourcesBuildPhase section */

/* Begin PBXSourcesBuildPhase section */
		450FABA422D1C02D0026CF7A /* Sources */ = {
			isa = PBXSourcesBuildPhase;
			buildActionMask = 2147483647;
			files = (
				45F7258A22D2F8CA0056187D /* Export.swift in Sources */,
			);
			runOnlyForDeploymentPostprocessing = 0;
		};
		45E9A61522D1D8DD00FE2AA5 /* Sources */ = {
			isa = PBXSourcesBuildPhase;
			buildActionMask = 2147483647;
			files = (
				45E9A61C22D1D8DD00FE2AA5 /* TreeV3Test.swift in Sources */,
			);
			runOnlyForDeploymentPostprocessing = 0;
		};
		45F7254B22D2F5A10056187D /* Sources */ = {
			isa = PBXSourcesBuildPhase;
			buildActionMask = 2147483647;
			files = (
				45F7256C22D2F5C50056187D /* Tree.swift in Sources */,
				45DC852722D3F8510073D526 /* TreeIndex.swift in Sources */,
				45F7256E22D2F5C50056187D /* Branch.swift in Sources */,
			);
			runOnlyForDeploymentPostprocessing = 0;
		};
		45F7258C22D2F98C0056187D /* Sources */ = {
			isa = PBXSourcesBuildPhase;
			buildActionMask = 2147483647;
			files = (
				45F725BA22D2FA330056187D /* Tree.lazy.swift in Sources */,
				45F725B022D2FA330056187D /* Branch.default.swift in Sources */,
				45F725B722D2FA330056187D /* Tree.map.swift in Sources */,
				45F725B922D2FA330056187D /* Tree.sorted.swift in Sources */,
				45F725BE22D2FA330056187D /* BranchTree.default.swift in Sources */,
				45F725BD22D2FA330056187D /* BranchTree.swift in Sources */,
				45F725B222D2FA330056187D /* Branch.treefication.swift in Sources */,
				45F725C022D2FA330056187D /* ArrayBranchTree.swift in Sources */,
				45F725C222D2FA330056187D /* AnyTree.swift in Sources */,
				4587925022D3583B00E4B7B7 /* AnyRandomAccessTree.swift in Sources */,
				45F725B622D2FA330056187D /* Tree.branches.swift in Sources */,
				45F725B122D2FA330056187D /* Branch.dfs.swift in Sources */,
				45F725BB22D2FA330056187D /* Tree.convert.swift in Sources */,
				45F725BC22D2FA330056187D /* BranchPath.swift in Sources */,
				45F725B522D2FA330056187D /* Tree.paths.swift in Sources */,
				45F725B822D2FA330056187D /* Tree.filter.swift in Sources */,
				45F725AF22D2FA330056187D /* Import.swift in Sources */,
				45F725B422D2FA330056187D /* Tree.dfs.swift in Sources */,
				45F725B322D2FA330056187D /* Tree.default.swift in Sources */,
				45F725BF22D2FA330056187D /* BranchTreeSlice.swift in Sources */,
				45F725C122D2FA330056187D /* ArrayBranch.swift in Sources */,
			);
			runOnlyForDeploymentPostprocessing = 0;
		};
		45F725E022D323E80056187D /* Sources */ = {
			isa = PBXSourcesBuildPhase;
			buildActionMask = 2147483647;
			files = (
				45F725E722D323E80056187D /* TreeV3UtilTest.swift in Sources */,
			);
			runOnlyForDeploymentPostprocessing = 0;
		};
		45F7261222D329240056187D /* Sources */ = {
			isa = PBXSourcesBuildPhase;
			buildActionMask = 2147483647;
			files = (
				45F7263B22D329A10056187D /* PDListBranchTree.swift in Sources */,
				45F7263F22D32AB00056187D /* PDList.swift in Sources */,
				45F7263D22D329CC0056187D /* PDListBranch.swift in Sources */,
			);
			runOnlyForDeploymentPostprocessing = 0;
		};
		45F7262422D3295E0056187D /* Sources */ = {
			isa = PBXSourcesBuildPhase;
			buildActionMask = 2147483647;
			files = (
				45F7262B22D3295E0056187D /* PDTreeV3Test.swift in Sources */,
			);
			runOnlyForDeploymentPostprocessing = 0;
		};
/* End PBXSourcesBuildPhase section */

/* Begin PBXTargetDependency section */
		45E9A62022D1D8DD00FE2AA5 /* PBXTargetDependency */ = {
			isa = PBXTargetDependency;
			target = 450FABA622D1C02D0026CF7A /* TreeV3 */;
			targetProxy = 45E9A61F22D1D8DD00FE2AA5 /* PBXContainerItemProxy */;
		};
		45F7256822D2F5B90056187D /* PBXTargetDependency */ = {
			isa = PBXTargetDependency;
			target = 45F7254D22D2F5A10056187D /* TreeV3Core */;
			targetProxy = 45F7256722D2F5B90056187D /* PBXContainerItemProxy */;
		};
		45F725AD22D2FA070056187D /* PBXTargetDependency */ = {
			isa = PBXTargetDependency;
			target = 45F7258E22D2F98C0056187D /* TreeV3Util */;
			targetProxy = 45F725AC22D2FA070056187D /* PBXContainerItemProxy */;
		};
		45F725C422D2FA530056187D /* PBXTargetDependency */ = {
			isa = PBXTargetDependency;
			target = 45F7254D22D2F5A10056187D /* TreeV3Core */;
			targetProxy = 45F725C322D2FA530056187D /* PBXContainerItemProxy */;
		};
		45F725DD22D31EB00056187D /* PBXTargetDependency */ = {
			isa = PBXTargetDependency;
			target = 45F7254D22D2F5A10056187D /* TreeV3Core */;
			targetProxy = 45F725DC22D31EB00056187D /* PBXContainerItemProxy */;
		};
		45F725DF22D31EB00056187D /* PBXTargetDependency */ = {
			isa = PBXTargetDependency;
			target = 45F7258E22D2F98C0056187D /* TreeV3Util */;
			targetProxy = 45F725DE22D31EB00056187D /* PBXContainerItemProxy */;
		};
		45F725F022D323F00056187D /* PBXTargetDependency */ = {
			isa = PBXTargetDependency;
			target = 45F7254D22D2F5A10056187D /* TreeV3Core */;
			targetProxy = 45F725EF22D323F00056187D /* PBXContainerItemProxy */;
		};
		45F725F222D323F00056187D /* PBXTargetDependency */ = {
			isa = PBXTargetDependency;
			target = 45F7258E22D2F98C0056187D /* TreeV3Util */;
			targetProxy = 45F725F122D323F00056187D /* PBXContainerItemProxy */;
		};
		45F7261F22D3292B0056187D /* PBXTargetDependency */ = {
			isa = PBXTargetDependency;
			target = 45F7254D22D2F5A10056187D /* TreeV3Core */;
			targetProxy = 45F7261E22D3292B0056187D /* PBXContainerItemProxy */;
		};
		45F7262122D3292B0056187D /* PBXTargetDependency */ = {
			isa = PBXTargetDependency;
			target = 45F7258E22D2F98C0056187D /* TreeV3Util */;
			targetProxy = 45F7262022D3292B0056187D /* PBXContainerItemProxy */;
		};
		45F7262322D3292B0056187D /* PBXTargetDependency */ = {
			isa = PBXTargetDependency;
			productRef = 45F7262222D3292B0056187D /* BTree */;
		};
		45F7262F22D3295E0056187D /* PBXTargetDependency */ = {
			isa = PBXTargetDependency;
			target = 450FABA622D1C02D0026CF7A /* TreeV3 */;
			targetProxy = 45F7262E22D3295E0056187D /* PBXContainerItemProxy */;
		};
		45F7263422D329820056187D /* PBXTargetDependency */ = {
			isa = PBXTargetDependency;
			target = 45F7261422D329240056187D /* PDTreeV3 */;
			targetProxy = 45F7263322D329820056187D /* PBXContainerItemProxy */;
		};
		45F7263622D329820056187D /* PBXTargetDependency */ = {
			isa = PBXTargetDependency;
			productRef = 45F7263522D329820056187D /* BTree */;
		};
/* End PBXTargetDependency section */

/* Begin XCBuildConfiguration section */
		450FABAE22D1C02D0026CF7A /* Debug */ = {
			isa = XCBuildConfiguration;
			buildSettings = {
				ALWAYS_SEARCH_USER_PATHS = NO;
				CLANG_ANALYZER_NONNULL = YES;
				CLANG_ANALYZER_NUMBER_OBJECT_CONVERSION = YES_AGGRESSIVE;
				CLANG_CXX_LANGUAGE_STANDARD = "gnu++14";
				CLANG_CXX_LIBRARY = "libc++";
				CLANG_ENABLE_MODULES = YES;
				CLANG_ENABLE_OBJC_ARC = YES;
				CLANG_ENABLE_OBJC_WEAK = YES;
				CLANG_WARN_BLOCK_CAPTURE_AUTORELEASING = YES;
				CLANG_WARN_BOOL_CONVERSION = YES;
				CLANG_WARN_COMMA = YES;
				CLANG_WARN_CONSTANT_CONVERSION = YES;
				CLANG_WARN_DEPRECATED_OBJC_IMPLEMENTATIONS = YES;
				CLANG_WARN_DIRECT_OBJC_ISA_USAGE = YES_ERROR;
				CLANG_WARN_DOCUMENTATION_COMMENTS = YES;
				CLANG_WARN_EMPTY_BODY = YES;
				CLANG_WARN_ENUM_CONVERSION = YES;
				CLANG_WARN_INFINITE_RECURSION = YES;
				CLANG_WARN_INT_CONVERSION = YES;
				CLANG_WARN_NON_LITERAL_NULL_CONVERSION = YES;
				CLANG_WARN_OBJC_IMPLICIT_RETAIN_SELF = YES;
				CLANG_WARN_OBJC_LITERAL_CONVERSION = YES;
				CLANG_WARN_OBJC_ROOT_CLASS = YES_ERROR;
				CLANG_WARN_RANGE_LOOP_ANALYSIS = YES;
				CLANG_WARN_STRICT_PROTOTYPES = YES;
				CLANG_WARN_SUSPICIOUS_MOVE = YES;
				CLANG_WARN_UNGUARDED_AVAILABILITY = YES_AGGRESSIVE;
				CLANG_WARN_UNREACHABLE_CODE = YES;
				CLANG_WARN__DUPLICATE_METHOD_MATCH = YES;
				COPY_PHASE_STRIP = NO;
				DEBUG_INFORMATION_FORMAT = dwarf;
				ENABLE_STRICT_OBJC_MSGSEND = YES;
				ENABLE_TESTABILITY = YES;
				GCC_C_LANGUAGE_STANDARD = gnu11;
				GCC_DYNAMIC_NO_PIC = NO;
				GCC_NO_COMMON_BLOCKS = YES;
				GCC_OPTIMIZATION_LEVEL = 0;
				GCC_PREPROCESSOR_DEFINITIONS = (
					"DEBUG=1",
					"$(inherited)",
				);
				GCC_WARN_64_TO_32_BIT_CONVERSION = YES;
				GCC_WARN_ABOUT_RETURN_TYPE = YES_ERROR;
				GCC_WARN_UNDECLARED_SELECTOR = YES;
				GCC_WARN_UNINITIALIZED_AUTOS = YES_AGGRESSIVE;
				GCC_WARN_UNUSED_FUNCTION = YES;
				GCC_WARN_UNUSED_VARIABLE = YES;
				MACOSX_DEPLOYMENT_TARGET = 10.14;
				MTL_ENABLE_DEBUG_INFO = INCLUDE_SOURCE;
				MTL_FAST_MATH = YES;
				ONLY_ACTIVE_ARCH = YES;
				SDKROOT = macosx;
				SWIFT_VERSION = 5.0;
			};
			name = Debug;
		};
		450FABAF22D1C02D0026CF7A /* Release */ = {
			isa = XCBuildConfiguration;
			buildSettings = {
				ALWAYS_SEARCH_USER_PATHS = NO;
				CLANG_ANALYZER_NONNULL = YES;
				CLANG_ANALYZER_NUMBER_OBJECT_CONVERSION = YES_AGGRESSIVE;
				CLANG_CXX_LANGUAGE_STANDARD = "gnu++14";
				CLANG_CXX_LIBRARY = "libc++";
				CLANG_ENABLE_MODULES = YES;
				CLANG_ENABLE_OBJC_ARC = YES;
				CLANG_ENABLE_OBJC_WEAK = YES;
				CLANG_WARN_BLOCK_CAPTURE_AUTORELEASING = YES;
				CLANG_WARN_BOOL_CONVERSION = YES;
				CLANG_WARN_COMMA = YES;
				CLANG_WARN_CONSTANT_CONVERSION = YES;
				CLANG_WARN_DEPRECATED_OBJC_IMPLEMENTATIONS = YES;
				CLANG_WARN_DIRECT_OBJC_ISA_USAGE = YES_ERROR;
				CLANG_WARN_DOCUMENTATION_COMMENTS = YES;
				CLANG_WARN_EMPTY_BODY = YES;
				CLANG_WARN_ENUM_CONVERSION = YES;
				CLANG_WARN_INFINITE_RECURSION = YES;
				CLANG_WARN_INT_CONVERSION = YES;
				CLANG_WARN_NON_LITERAL_NULL_CONVERSION = YES;
				CLANG_WARN_OBJC_IMPLICIT_RETAIN_SELF = YES;
				CLANG_WARN_OBJC_LITERAL_CONVERSION = YES;
				CLANG_WARN_OBJC_ROOT_CLASS = YES_ERROR;
				CLANG_WARN_RANGE_LOOP_ANALYSIS = YES;
				CLANG_WARN_STRICT_PROTOTYPES = YES;
				CLANG_WARN_SUSPICIOUS_MOVE = YES;
				CLANG_WARN_UNGUARDED_AVAILABILITY = YES_AGGRESSIVE;
				CLANG_WARN_UNREACHABLE_CODE = YES;
				CLANG_WARN__DUPLICATE_METHOD_MATCH = YES;
				COPY_PHASE_STRIP = NO;
				DEBUG_INFORMATION_FORMAT = "dwarf-with-dsym";
				ENABLE_NS_ASSERTIONS = NO;
				ENABLE_STRICT_OBJC_MSGSEND = YES;
				GCC_C_LANGUAGE_STANDARD = gnu11;
				GCC_NO_COMMON_BLOCKS = YES;
				GCC_WARN_64_TO_32_BIT_CONVERSION = YES;
				GCC_WARN_ABOUT_RETURN_TYPE = YES_ERROR;
				GCC_WARN_UNDECLARED_SELECTOR = YES;
				GCC_WARN_UNINITIALIZED_AUTOS = YES_AGGRESSIVE;
				GCC_WARN_UNUSED_FUNCTION = YES;
				GCC_WARN_UNUSED_VARIABLE = YES;
				MACOSX_DEPLOYMENT_TARGET = 10.14;
				MTL_ENABLE_DEBUG_INFO = NO;
				MTL_FAST_MATH = YES;
				SDKROOT = macosx;
				SWIFT_VERSION = 5.0;
			};
			name = Release;
		};
		450FABB122D1C02D0026CF7A /* Debug */ = {
			isa = XCBuildConfiguration;
			buildSettings = {
				CLANG_ENABLE_MODULES = YES;
				CODE_SIGN_STYLE = Automatic;
				EXECUTABLE_PREFIX = lib;
				LD_RUNPATH_SEARCH_PATHS = (
					"$(inherited)",
					"@executable_path/../Frameworks",
					"@loader_path/../Frameworks",
				);
				PRODUCT_NAME = "$(TARGET_NAME)";
				SKIP_INSTALL = YES;
				SWIFT_OPTIMIZATION_LEVEL = "-Onone";
			};
			name = Debug;
		};
		450FABB222D1C02D0026CF7A /* Release */ = {
			isa = XCBuildConfiguration;
			buildSettings = {
				CLANG_ENABLE_MODULES = YES;
				CODE_SIGN_STYLE = Automatic;
				EXECUTABLE_PREFIX = lib;
				LD_RUNPATH_SEARCH_PATHS = (
					"$(inherited)",
					"@executable_path/../Frameworks",
					"@loader_path/../Frameworks",
				);
				PRODUCT_NAME = "$(TARGET_NAME)";
				SKIP_INSTALL = YES;
			};
			name = Release;
		};
		45E9A62222D1D8DD00FE2AA5 /* Debug */ = {
			isa = XCBuildConfiguration;
			buildSettings = {
				ALWAYS_EMBED_SWIFT_STANDARD_LIBRARIES = YES;
				CODE_SIGN_STYLE = Automatic;
				COMBINE_HIDPI_IMAGES = YES;
				INFOPLIST_FILE = TreeV3Test/Info.plist;
				LD_RUNPATH_SEARCH_PATHS = (
					"$(inherited)",
					"@executable_path/../Frameworks",
					"@loader_path/../Frameworks",
				);
				PRODUCT_BUNDLE_IDENTIFIER = Eonil.TreeV3Test;
				PRODUCT_NAME = "$(TARGET_NAME)";
				SWIFT_ACTIVE_COMPILATION_CONDITIONS = DEBUG;
				SWIFT_OPTIMIZATION_LEVEL = "-Onone";
			};
			name = Debug;
		};
		45E9A62322D1D8DD00FE2AA5 /* Release */ = {
			isa = XCBuildConfiguration;
			buildSettings = {
				ALWAYS_EMBED_SWIFT_STANDARD_LIBRARIES = YES;
				CODE_SIGN_STYLE = Automatic;
				COMBINE_HIDPI_IMAGES = YES;
				INFOPLIST_FILE = TreeV3Test/Info.plist;
				LD_RUNPATH_SEARCH_PATHS = (
					"$(inherited)",
					"@executable_path/../Frameworks",
					"@loader_path/../Frameworks",
				);
				PRODUCT_BUNDLE_IDENTIFIER = Eonil.TreeV3Test;
				PRODUCT_NAME = "$(TARGET_NAME)";
				SWIFT_COMPILATION_MODE = wholemodule;
				SWIFT_OPTIMIZATION_LEVEL = "-O";
			};
			name = Release;
		};
		45F7255522D2F5A10056187D /* Debug */ = {
			isa = XCBuildConfiguration;
			buildSettings = {
				CODE_SIGN_STYLE = Automatic;
				EXECUTABLE_PREFIX = lib;
				PRODUCT_NAME = "$(TARGET_NAME)";
				SKIP_INSTALL = YES;
			};
			name = Debug;
		};
		45F7255622D2F5A10056187D /* Release */ = {
			isa = XCBuildConfiguration;
			buildSettings = {
				CODE_SIGN_STYLE = Automatic;
				EXECUTABLE_PREFIX = lib;
				PRODUCT_NAME = "$(TARGET_NAME)";
				SKIP_INSTALL = YES;
			};
			name = Release;
		};
		45F7259622D2F98C0056187D /* Debug */ = {
			isa = XCBuildConfiguration;
			buildSettings = {
				CODE_SIGN_STYLE = Automatic;
				EXECUTABLE_PREFIX = lib;
				PRODUCT_NAME = "$(TARGET_NAME)";
				SKIP_INSTALL = YES;
			};
			name = Debug;
		};
		45F7259722D2F98C0056187D /* Release */ = {
			isa = XCBuildConfiguration;
			buildSettings = {
				CODE_SIGN_STYLE = Automatic;
				EXECUTABLE_PREFIX = lib;
				PRODUCT_NAME = "$(TARGET_NAME)";
				SKIP_INSTALL = YES;
			};
			name = Release;
		};
		45F725EC22D323E80056187D /* Debug */ = {
			isa = XCBuildConfiguration;
			buildSettings = {
				CODE_SIGN_STYLE = Automatic;
				COMBINE_HIDPI_IMAGES = YES;
				INFOPLIST_FILE = TreeV3UtilTest/Info.plist;
				LD_RUNPATH_SEARCH_PATHS = (
					"$(inherited)",
					"@executable_path/../Frameworks",
					"@loader_path/../Frameworks",
				);
				PRODUCT_BUNDLE_IDENTIFIER = Eonil.TreeV3UtilTest;
				PRODUCT_NAME = "$(TARGET_NAME)";
				SWIFT_ACTIVE_COMPILATION_CONDITIONS = DEBUG;
				SWIFT_OPTIMIZATION_LEVEL = "-Onone";
				SWIFT_VERSION = 5.0;
			};
			name = Debug;
		};
		45F725ED22D323E80056187D /* Release */ = {
			isa = XCBuildConfiguration;
			buildSettings = {
				CODE_SIGN_STYLE = Automatic;
				COMBINE_HIDPI_IMAGES = YES;
				INFOPLIST_FILE = TreeV3UtilTest/Info.plist;
				LD_RUNPATH_SEARCH_PATHS = (
					"$(inherited)",
					"@executable_path/../Frameworks",
					"@loader_path/../Frameworks",
				);
				PRODUCT_BUNDLE_IDENTIFIER = Eonil.TreeV3UtilTest;
				PRODUCT_NAME = "$(TARGET_NAME)";
				SWIFT_COMPILATION_MODE = wholemodule;
				SWIFT_OPTIMIZATION_LEVEL = "-O";
				SWIFT_VERSION = 5.0;
			};
			name = Release;
		};
		45F7261C22D329240056187D /* Debug */ = {
			isa = XCBuildConfiguration;
			buildSettings = {
				CLANG_ENABLE_MODULES = YES;
				CODE_SIGN_STYLE = Automatic;
				EXECUTABLE_PREFIX = lib;
				LD_RUNPATH_SEARCH_PATHS = (
					"$(inherited)",
					"@executable_path/../Frameworks",
					"@loader_path/../Frameworks",
				);
				PRODUCT_NAME = "$(TARGET_NAME)";
				SKIP_INSTALL = YES;
				SWIFT_OPTIMIZATION_LEVEL = "-Onone";
				SWIFT_VERSION = 5.0;
			};
			name = Debug;
		};
		45F7261D22D329240056187D /* Release */ = {
			isa = XCBuildConfiguration;
			buildSettings = {
				CLANG_ENABLE_MODULES = YES;
				CODE_SIGN_STYLE = Automatic;
				EXECUTABLE_PREFIX = lib;
				LD_RUNPATH_SEARCH_PATHS = (
					"$(inherited)",
					"@executable_path/../Frameworks",
					"@loader_path/../Frameworks",
				);
				PRODUCT_NAME = "$(TARGET_NAME)";
				SKIP_INSTALL = YES;
				SWIFT_VERSION = 5.0;
			};
			name = Release;
		};
		45F7263122D3295E0056187D /* Debug */ = {
			isa = XCBuildConfiguration;
			buildSettings = {
				ALWAYS_EMBED_SWIFT_STANDARD_LIBRARIES = YES;
				CODE_SIGN_STYLE = Automatic;
				COMBINE_HIDPI_IMAGES = YES;
				INFOPLIST_FILE = PDTreeV3Test/Info.plist;
				LD_RUNPATH_SEARCH_PATHS = (
					"$(inherited)",
					"@executable_path/../Frameworks",
					"@loader_path/../Frameworks",
				);
				PRODUCT_BUNDLE_IDENTIFIER = Eonil.PDTreeV3Test;
				PRODUCT_NAME = "$(TARGET_NAME)";
				SWIFT_ACTIVE_COMPILATION_CONDITIONS = DEBUG;
				SWIFT_OPTIMIZATION_LEVEL = "-Onone";
				SWIFT_VERSION = 5.0;
			};
			name = Debug;
		};
		45F7263222D3295E0056187D /* Release */ = {
			isa = XCBuildConfiguration;
			buildSettings = {
				ALWAYS_EMBED_SWIFT_STANDARD_LIBRARIES = YES;
				CODE_SIGN_STYLE = Automatic;
				COMBINE_HIDPI_IMAGES = YES;
				INFOPLIST_FILE = PDTreeV3Test/Info.plist;
				LD_RUNPATH_SEARCH_PATHS = (
					"$(inherited)",
					"@executable_path/../Frameworks",
					"@loader_path/../Frameworks",
				);
				PRODUCT_BUNDLE_IDENTIFIER = Eonil.PDTreeV3Test;
				PRODUCT_NAME = "$(TARGET_NAME)";
				SWIFT_COMPILATION_MODE = wholemodule;
				SWIFT_OPTIMIZATION_LEVEL = "-O";
				SWIFT_VERSION = 5.0;
			};
			name = Release;
		};
/* End XCBuildConfiguration section */

/* Begin XCConfigurationList section */
		450FABA222D1C02D0026CF7A /* Build configuration list for PBXProject "TreeV3" */ = {
			isa = XCConfigurationList;
			buildConfigurations = (
				450FABAE22D1C02D0026CF7A /* Debug */,
				450FABAF22D1C02D0026CF7A /* Release */,
			);
			defaultConfigurationIsVisible = 0;
			defaultConfigurationName = Release;
		};
		450FABB022D1C02D0026CF7A /* Build configuration list for PBXNativeTarget "TreeV3" */ = {
			isa = XCConfigurationList;
			buildConfigurations = (
				450FABB122D1C02D0026CF7A /* Debug */,
				450FABB222D1C02D0026CF7A /* Release */,
			);
			defaultConfigurationIsVisible = 0;
			defaultConfigurationName = Release;
		};
		45E9A62122D1D8DD00FE2AA5 /* Build configuration list for PBXNativeTarget "TreeV3Test" */ = {
			isa = XCConfigurationList;
			buildConfigurations = (
				45E9A62222D1D8DD00FE2AA5 /* Debug */,
				45E9A62322D1D8DD00FE2AA5 /* Release */,
			);
			defaultConfigurationIsVisible = 0;
			defaultConfigurationName = Release;
		};
		45F7255422D2F5A10056187D /* Build configuration list for PBXNativeTarget "TreeV3Core" */ = {
			isa = XCConfigurationList;
			buildConfigurations = (
				45F7255522D2F5A10056187D /* Debug */,
				45F7255622D2F5A10056187D /* Release */,
			);
			defaultConfigurationIsVisible = 0;
			defaultConfigurationName = Release;
		};
		45F7259522D2F98C0056187D /* Build configuration list for PBXNativeTarget "TreeV3Util" */ = {
			isa = XCConfigurationList;
			buildConfigurations = (
				45F7259622D2F98C0056187D /* Debug */,
				45F7259722D2F98C0056187D /* Release */,
			);
			defaultConfigurationIsVisible = 0;
			defaultConfigurationName = Release;
		};
		45F725EE22D323E80056187D /* Build configuration list for PBXNativeTarget "TreeV3UtilTest" */ = {
			isa = XCConfigurationList;
			buildConfigurations = (
				45F725EC22D323E80056187D /* Debug */,
				45F725ED22D323E80056187D /* Release */,
			);
			defaultConfigurationIsVisible = 0;
			defaultConfigurationName = Release;
		};
		45F7261B22D329240056187D /* Build configuration list for PBXNativeTarget "PDTreeV3" */ = {
			isa = XCConfigurationList;
			buildConfigurations = (
				45F7261C22D329240056187D /* Debug */,
				45F7261D22D329240056187D /* Release */,
			);
			defaultConfigurationIsVisible = 0;
			defaultConfigurationName = Release;
		};
		45F7263022D3295E0056187D /* Build configuration list for PBXNativeTarget "PDTreeV3Test" */ = {
			isa = XCConfigurationList;
			buildConfigurations = (
				45F7263122D3295E0056187D /* Debug */,
				45F7263222D3295E0056187D /* Release */,
			);
			defaultConfigurationIsVisible = 0;
			defaultConfigurationName = Release;
		};
/* End XCConfigurationList section */

/* Begin XCRemoteSwiftPackageReference section */
		45F725FB22D328680056187D /* XCRemoteSwiftPackageReference "BTree" */ = {
			isa = XCRemoteSwiftPackageReference;
			repositoryURL = "https://github.com/eonil/BTree";
			requirement = {
				branch = master;
				kind = branch;
			};
		};
/* End XCRemoteSwiftPackageReference section */

/* Begin XCSwiftPackageProductDependency section */
		45F725FC22D328680056187D /* BTree */ = {
			isa = XCSwiftPackageProductDependency;
			package = 45F725FB22D328680056187D /* XCRemoteSwiftPackageReference "BTree" */;
			productName = BTree;
		};
		45F7262222D3292B0056187D /* BTree */ = {
			isa = XCSwiftPackageProductDependency;
			package = 45F725FB22D328680056187D /* XCRemoteSwiftPackageReference "BTree" */;
			productName = BTree;
		};
		45F7263522D329820056187D /* BTree */ = {
			isa = XCSwiftPackageProductDependency;
			package = 45F725FB22D328680056187D /* XCRemoteSwiftPackageReference "BTree" */;
			productName = BTree;
		};
		45F7263722D329870056187D /* BTree */ = {
			isa = XCSwiftPackageProductDependency;
			package = 45F725FB22D328680056187D /* XCRemoteSwiftPackageReference "BTree" */;
			productName = BTree;
		};
/* End XCSwiftPackageProductDependency section */
	};
	rootObject = 450FAB9F22D1C02D0026CF7A /* Project object */;
}
